
Microsoft Visual Studio Solution File, Format Version 12.00
# Visual Studio Version 17
VisualStudioVersion = 17.0.32112.339
MinimumVisualStudioVersion = 10.0.40219.1
Project("{9A19103F-16F7-4668-BE54-9A1E7A4F7556}") = "BlazorWasmAntivirusProtection", "BlazorWasmAntivirusProtection\BlazorWasmAntivirusProtection.csproj", "{9466369B-820C-4FF6-A325-D8765407715F}"
EndProject
Project("{9A19103F-16F7-4668-BE54-9A1E7A4F7556}") = "BlazorWasmAntivirusProtection.Tasks", "BlazorWasmAntivirusProtection.Tasks\BlazorWasmAntivirusProtection.Tasks.csproj", "{9B4ECABA-1FF3-4B4A-9223-DBBE1D1B1745}"
EndProject
Project("{2150E333-8FDC-42A3-9474-1A3956D46DE8}") = "SampleApps", "SampleApps", "{B6087F3A-2586-4098-BD69-449619BEA560}"
	ProjectSection(SolutionItems) = preProject
		..\sampleapps\Directory.Build.props = ..\sampleapps\Directory.Build.props
	EndProjectSection
EndProject
Project("{2150E333-8FDC-42A3-9474-1A3956D46DE8}") = "BlazorHostedSampleApp", "BlazorHostedSampleApp", "{B0BE31C9-49A3-4DD5-9A92-218F35C2AF35}"
EndProject
Project("{9A19103F-16F7-4668-BE54-9A1E7A4F7556}") = "BlazorHostedSampleApp.Shared", "..\sampleapps\BlazorHostedSampleApp\Shared\BlazorHostedSampleApp.Shared.csproj", "{D4618F64-B8E4-4EF4-98B2-936421947434}"
EndProject
Project("{9A19103F-16F7-4668-BE54-9A1E7A4F7556}") = "BlazorHostedSampleApp.Server", "..\sampleapps\BlazorHostedSampleApp\Server\BlazorHostedSampleApp.Server.csproj", "{F2A0C954-4F13-4F30-8CAB-97D5E6800474}"
EndProject
Project("{9A19103F-16F7-4668-BE54-9A1E7A4F7556}") = "BlazorHostedSampleApp.Client", "..\sampleapps\BlazorHostedSampleApp\Client\BlazorHostedSampleApp.Client.csproj", "{5869E488-3490-4286-A632-3924847C9245}"
EndProject
Project("{2150E333-8FDC-42A3-9474-1A3956D46DE8}") = "BlazorHostedSamplePwa", "BlazorHostedSamplePwa", "{665AF8B3-736B-476D-B930-4FE94E1AFE28}"
EndProject
Project("{9A19103F-16F7-4668-BE54-9A1E7A4F7556}") = "BlazorHostedSamplePwa.Server", "..\sampleapps\BlazorHostedSamplePwa\Server\BlazorHostedSamplePwa.Server.csproj", "{5337651F-13B7-44E2-B39F-6B5C6B58E7AA}"
EndProject
Project("{9A19103F-16F7-4668-BE54-9A1E7A4F7556}") = "BlazorHostedSamplePwa.Client", "..\sampleapps\BlazorHostedSamplePwa\Client\BlazorHostedSamplePwa.Client.csproj", "{E588AB14-25DA-4ECF-9E2B-8CC34046FB5D}"
EndProject
Project("{9A19103F-16F7-4668-BE54-9A1E7A4F7556}") = "BlazorHostedSamplePwa.Shared", "..\sampleapps\BlazorHostedSamplePwa\Shared\BlazorHostedSamplePwa.Shared.csproj", "{17E4BD1B-D372-4AD1-8EF1-61D2040CF45A}"
EndProject
Project("{2150E333-8FDC-42A3-9474-1A3956D46DE8}") = "configs", "configs", "{298EA9BF-17D3-49E2-9036-8D8B9202E266}"
	ProjectSection(SolutionItems) = preProject
		..\.editorconfig = ..\.editorconfig
		..\.gitattributes = ..\.gitattributes
		..\.gitignore = ..\.gitignore
		..\azure-pipelines-sample-apps.yml = ..\azure-pipelines-sample-apps.yml
		..\azure-pipelines.yml = ..\azure-pipelines.yml
		..\global.json = ..\global.json
		..\README.md = ..\README.md
	EndProjectSection
EndProject
Project("{9A19103F-16F7-4668-BE54-9A1E7A4F7556}") = "BlazorHostedSampleLazyLoading.Server", "..\sampleapps\BlazorHostedSampleLazyLoading\Server\BlazorHostedSampleLazyLoading.Server.csproj", "{9E4C4D90-0E4C-4679-AD28-7F990B286344}"
EndProject
Project("{9A19103F-16F7-4668-BE54-9A1E7A4F7556}") = "BlazorHostedSampleLazyLoading.Client", "..\sampleapps\BlazorHostedSampleLazyLoading\Client\BlazorHostedSampleLazyLoading.Client.csproj", "{ABC6E5FE-4B5E-42AC-A955-35754B2805A7}"
EndProject
Project("{9A19103F-16F7-4668-BE54-9A1E7A4F7556}") = "BlazorHostedSampleLazyLoading.Shared", "..\sampleapps\BlazorHostedSampleLazyLoading\Shared\BlazorHostedSampleLazyLoading.Shared.csproj", "{4C7F227E-2E90-4D0B-960D-0247DA937117}"
EndProject
Project("{2150E333-8FDC-42A3-9474-1A3956D46DE8}") = "BlazorHostedSampleLazyLoading", "BlazorHostedSampleLazyLoading", "{B8531AC8-E394-4875-AB1F-3167F4C7149C}"
EndProject
Project("{9A19103F-16F7-4668-BE54-9A1E7A4F7556}") = "BlazorHostedSampleLazyLoading.Counter", "..\sampleapps\BlazorHostedSampleLazyLoading\BlazorHostedSampleLazyLoading.Counter\BlazorHostedSampleLazyLoading.Counter.csproj", "{D1EC6118-9D76-42C1-9F4B-E9819AEC6472}"
EndProject
Project("{9A19103F-16F7-4668-BE54-9A1E7A4F7556}") = "BlazorWasmAntivirusProtection.BrotliCompress", "BlazorWasmAntivirusProtection.BrotliCompress\BlazorWasmAntivirusProtection.BrotliCompress.csproj", "{DF24E023-EE53-4C3A-B0A2-927CCD39F2AF}"
EndProject
Global
	GlobalSection(SolutionConfigurationPlatforms) = preSolution
		Debug|Any CPU = Debug|Any CPU
		Release|Any CPU = Release|Any CPU
	EndGlobalSection
	GlobalSection(ProjectConfigurationPlatforms) = postSolution
		{9466369B-820C-4FF6-A325-D8765407715F}.Debug|Any CPU.ActiveCfg = Debug|Any CPU
		{9466369B-820C-4FF6-A325-D8765407715F}.Debug|Any CPU.Build.0 = Debug|Any CPU
		{9466369B-820C-4FF6-A325-D8765407715F}.Release|Any CPU.ActiveCfg = Release|Any CPU
		{9466369B-820C-4FF6-A325-D8765407715F}.Release|Any CPU.Build.0 = Release|Any CPU
		{9B4ECABA-1FF3-4B4A-9223-DBBE1D1B1745}.Debug|Any CPU.ActiveCfg = Debug|Any CPU
		{9B4ECABA-1FF3-4B4A-9223-DBBE1D1B1745}.Debug|Any CPU.Build.0 = Debug|Any CPU
		{9B4ECABA-1FF3-4B4A-9223-DBBE1D1B1745}.Release|Any CPU.ActiveCfg = Release|Any CPU
		{9B4ECABA-1FF3-4B4A-9223-DBBE1D1B1745}.Release|Any CPU.Build.0 = Release|Any CPU
		{D4618F64-B8E4-4EF4-98B2-936421947434}.Debug|Any CPU.ActiveCfg = Debug|Any CPU
		{D4618F64-B8E4-4EF4-98B2-936421947434}.Debug|Any CPU.Build.0 = Debug|Any CPU
		{D4618F64-B8E4-4EF4-98B2-936421947434}.Release|Any CPU.ActiveCfg = Release|Any CPU
		{D4618F64-B8E4-4EF4-98B2-936421947434}.Release|Any CPU.Build.0 = Release|Any CPU
		{F2A0C954-4F13-4F30-8CAB-97D5E6800474}.Debug|Any CPU.ActiveCfg = Debug|Any CPU
		{F2A0C954-4F13-4F30-8CAB-97D5E6800474}.Debug|Any CPU.Build.0 = Debug|Any CPU
		{F2A0C954-4F13-4F30-8CAB-97D5E6800474}.Release|Any CPU.ActiveCfg = Release|Any CPU
		{F2A0C954-4F13-4F30-8CAB-97D5E6800474}.Release|Any CPU.Build.0 = Release|Any CPU
		{5869E488-3490-4286-A632-3924847C9245}.Debug|Any CPU.ActiveCfg = Debug|Any CPU
		{5869E488-3490-4286-A632-3924847C9245}.Debug|Any CPU.Build.0 = Debug|Any CPU
		{5869E488-3490-4286-A632-3924847C9245}.Release|Any CPU.ActiveCfg = Release|Any CPU
		{5869E488-3490-4286-A632-3924847C9245}.Release|Any CPU.Build.0 = Release|Any CPU
		{5337651F-13B7-44E2-B39F-6B5C6B58E7AA}.Debug|Any CPU.ActiveCfg = Debug|Any CPU
		{5337651F-13B7-44E2-B39F-6B5C6B58E7AA}.Debug|Any CPU.Build.0 = Debug|Any CPU
		{5337651F-13B7-44E2-B39F-6B5C6B58E7AA}.Release|Any CPU.ActiveCfg = Release|Any CPU
		{5337651F-13B7-44E2-B39F-6B5C6B58E7AA}.Release|Any CPU.Build.0 = Release|Any CPU
		{E588AB14-25DA-4ECF-9E2B-8CC34046FB5D}.Debug|Any CPU.ActiveCfg = Debug|Any CPU
		{E588AB14-25DA-4ECF-9E2B-8CC34046FB5D}.Debug|Any CPU.Build.0 = Debug|Any CPU
		{E588AB14-25DA-4ECF-9E2B-8CC34046FB5D}.Release|Any CPU.ActiveCfg = Release|Any CPU
		{E588AB14-25DA-4ECF-9E2B-8CC34046FB5D}.Release|Any CPU.Build.0 = Release|Any CPU
		{17E4BD1B-D372-4AD1-8EF1-61D2040CF45A}.Debug|Any CPU.ActiveCfg = Debug|Any CPU
		{17E4BD1B-D372-4AD1-8EF1-61D2040CF45A}.Debug|Any CPU.Build.0 = Debug|Any CPU
		{17E4BD1B-D372-4AD1-8EF1-61D2040CF45A}.Release|Any CPU.ActiveCfg = Release|Any CPU
		{17E4BD1B-D372-4AD1-8EF1-61D2040CF45A}.Release|Any CPU.Build.0 = Release|Any CPU
		{9E4C4D90-0E4C-4679-AD28-7F990B286344}.Debug|Any CPU.ActiveCfg = Debug|Any CPU
		{9E4C4D90-0E4C-4679-AD28-7F990B286344}.Debug|Any CPU.Build.0 = Debug|Any CPU
		{9E4C4D90-0E4C-4679-AD28-7F990B286344}.Release|Any CPU.ActiveCfg = Release|Any CPU
		{9E4C4D90-0E4C-4679-AD28-7F990B286344}.Release|Any CPU.Build.0 = Release|Any CPU
		{ABC6E5FE-4B5E-42AC-A955-35754B2805A7}.Debug|Any CPU.ActiveCfg = Debug|Any CPU
		{ABC6E5FE-4B5E-42AC-A955-35754B2805A7}.Debug|Any CPU.Build.0 = Debug|Any CPU
		{ABC6E5FE-4B5E-42AC-A955-35754B2805A7}.Release|Any CPU.ActiveCfg = Release|Any CPU
		{ABC6E5FE-4B5E-42AC-A955-35754B2805A7}.Release|Any CPU.Build.0 = Release|Any CPU
		{4C7F227E-2E90-4D0B-960D-0247DA937117}.Debug|Any CPU.ActiveCfg = Debug|Any CPU
		{4C7F227E-2E90-4D0B-960D-0247DA937117}.Debug|Any CPU.Build.0 = Debug|Any CPU
		{4C7F227E-2E90-4D0B-960D-0247DA937117}.Release|Any CPU.ActiveCfg = Release|Any CPU
		{4C7F227E-2E90-4D0B-960D-0247DA937117}.Release|Any CPU.Build.0 = Release|Any CPU
		{D1EC6118-9D76-42C1-9F4B-E9819AEC6472}.Debug|Any CPU.ActiveCfg = Debug|Any CPU
		{D1EC6118-9D76-42C1-9F4B-E9819AEC6472}.Debug|Any CPU.Build.0 = Debug|Any CPU
		{D1EC6118-9D76-42C1-9F4B-E9819AEC6472}.Release|Any CPU.ActiveCfg = Release|Any CPU
		{D1EC6118-9D76-42C1-9F4B-E9819AEC6472}.Release|Any CPU.Build.0 = Release|Any CPU
		{DF24E023-EE53-4C3A-B0A2-927CCD39F2AF}.Debug|Any CPU.ActiveCfg = Debug|Any CPU
		{DF24E023-EE53-4C3A-B0A2-927CCD39F2AF}.Debug|Any CPU.Build.0 = Debug|Any CPU
		{DF24E023-EE53-4C3A-B0A2-927CCD39F2AF}.Release|Any CPU.ActiveCfg = Release|Any CPU
		{DF24E023-EE53-4C3A-B0A2-927CCD39F2AF}.Release|Any CPU.Build.0 = Release|Any CPU
	EndGlobalSection
	GlobalSection(SolutionProperties) = preSolution
		HideSolutionNode = FALSE
	EndGlobalSection
	GlobalSection(NestedProjects) = preSolution
		{B0BE31C9-49A3-4DD5-9A92-218F35C2AF35} = {B6087F3A-2586-4098-BD69-449619BEA560}
		{D4618F64-B8E4-4EF4-98B2-936421947434} = {B0BE31C9-49A3-4DD5-9A92-218F35C2AF35}
		{F2A0C954-4F13-4F30-8CAB-97D5E6800474} = {B0BE31C9-49A3-4DD5-9A92-218F35C2AF35}
		{5869E488-3490-4286-A632-3924847C9245} = {B0BE31C9-49A3-4DD5-9A92-218F35C2AF35}
		{665AF8B3-736B-476D-B930-4FE94E1AFE28} = {B6087F3A-2586-4098-BD69-449619BEA560}
		{5337651F-13B7-44E2-B39F-6B5C6B58E7AA} = {665AF8B3-736B-476D-B930-4FE94E1AFE28}
		{E588AB14-25DA-4ECF-9E2B-8CC34046FB5D} = {665AF8B3-736B-476D-B930-4FE94E1AFE28}
		{17E4BD1B-D372-4AD1-8EF1-61D2040CF45A} = {665AF8B3-736B-476D-B930-4FE94E1AFE28}
		{9E4C4D90-0E4C-4679-AD28-7F990B286344} = {B8531AC8-E394-4875-AB1F-3167F4C7149C}
		{ABC6E5FE-4B5E-42AC-A955-35754B2805A7} = {B8531AC8-E394-4875-AB1F-3167F4C7149C}
		{4C7F227E-2E90-4D0B-960D-0247DA937117} = {B8531AC8-E394-4875-AB1F-3167F4C7149C}
		{B8531AC8-E394-4875-AB1F-3167F4C7149C} = {B6087F3A-2586-4098-BD69-449619BEA560}
		{D1EC6118-9D76-42C1-9F4B-E9819AEC6472} = {B8531AC8-E394-4875-AB1F-3167F4C7149C}
	EndGlobalSection
	GlobalSection(ExtensibilityGlobals) = postSolution
		SolutionGuid = {8E715717-C14A-4A09-BE07-93EF8245C66C}
	EndGlobalSection
EndGlobal
